Microsoft Visual Studio Solution File, Format Version 11.00
# Visual Studio 2008

Project("{C7147954-A20D-8265-AB83-0B64EEF5ACDE}") = "jossbyar", "Assembly-CSharp.csproj", "{C0D60337-C059-9CF1-11A8-3B94306F9254}"
EndProject
Global
	GlobalSection(SolutionConfigurationPlatforms) = preSolution
		Debug|Any CPU = Debug|Any CPU
		Release|Any CPU = Release|Any CPU
	EndGlobalSection
	GlobalSection(ProjectConfigurationPlatforms) = postSolution
		{C0D60337-C059-9CF1-11A8-3B94306F9254}.Debug|Any CPU.ActiveCfg = Debug|Any CPU
		{C0D60337-C059-9CF1-11A8-3B94306F9254}.Debug|Any CPU.Build.0 = Debug|Any CPU
		{C0D60337-C059-9CF1-11A8-3B94306F9254}.Release|Any CPU.ActiveCfg = Release|Any CPU
		{C0D60337-C059-9CF1-11A8-3B94306F9254}.Release|Any CPU.Build.0 = Release|Any CPU
	EndGlobalSection
	GlobalSection(SolutionProperties) = preSolution
		HideSolutionNode = FALSE
	EndGlobalSection
	GlobalSection(MonoDevelopProperties) = preSolution
		StartupItem = Assembly-CSharp.csproj
	EndGlobalSection
EndGlobal
